
Microsoft Visual Studio Solution File, Format Version 12.00
# Visual Studio Version 17
VisualStudioVersion = 17.14.36603.0 d17.14
MinimumVisualStudioVersion = 10.0.40219.1
Project("{FAE04EC0-301F-11D3-BF4B-00C04F79EFBC}") = "Hastahane_Domain", "Hastahane_Domain\Hastahane_Domain.csproj", "{8FC5A55C-37B2-4C13-A61D-443741D4C780}"
EndProject
Project("{FAE04EC0-301F-11D3-BF4B-00C04F79EFBC}") = "Hastahane_Core", "Hastahane_Core\Hastahane_Core.csproj", "{C9ADA333-74DA-40B5-880D-65D22A16A4E4}"
EndProject
Project("{FAE04EC0-301F-11D3-BF4B-00C04F79EFBC}") = "Hastahane_Infrastructure", "Hastahane_Infrastructure\Hastahane_Infrastructure.csproj", "{09825EFC-1B1D-42F0-80B5-61474EB29727}"
EndProject
Project("{FAE04EC0-301F-11D3-BF4B-00C04F79EFBC}") = "Hastahane_Api", "Hastahane_Api\Hastahane_Api.csproj", "{15844B29-534F-4423-8315-4F29AADC0222}"
EndProject
Global
	GlobalSection(SolutionConfigurationPlatforms) = preSolution
		Debug|Any CPU = Debug|Any CPU
		Release|Any CPU = Release|Any CPU
	EndGlobalSection
	GlobalSection(ProjectConfigurationPlatforms) = postSolution
		{8FC5A55C-37B2-4C13-A61D-443741D4C780}.Debug|Any CPU.ActiveCfg = Debug|Any CPU
		{8FC5A55C-37B2-4C13-A61D-443741D4C780}.Debug|Any CPU.Build.0 = Debug|Any CPU
		{8FC5A55C-37B2-4C13-A61D-443741D4C780}.Release|Any CPU.ActiveCfg = Release|Any CPU
		{8FC5A55C-37B2-4C13-A61D-443741D4C780}.Release|Any CPU.Build.0 = Release|Any CPU
		{C9ADA333-74DA-40B5-880D-65D22A16A4E4}.Debug|Any CPU.ActiveCfg = Debug|Any CPU
		{C9ADA333-74DA-40B5-880D-65D22A16A4E4}.Debug|Any CPU.Build.0 = Debug|Any CPU
		{C9ADA333-74DA-40B5-880D-65D22A16A4E4}.Release|Any CPU.ActiveCfg = Release|Any CPU
		{C9ADA333-74DA-40B5-880D-65D22A16A4E4}.Release|Any CPU.Build.0 = Release|Any CPU
		{09825EFC-1B1D-42F0-80B5-61474EB29727}.Debug|Any CPU.ActiveCfg = Debug|Any CPU
		{09825EFC-1B1D-42F0-80B5-61474EB29727}.Debug|Any CPU.Build.0 = Debug|Any CPU
		{09825EFC-1B1D-42F0-80B5-61474EB29727}.Release|Any CPU.ActiveCfg = Release|Any CPU
		{09825EFC-1B1D-42F0-80B5-61474EB29727}.Release|Any CPU.Build.0 = Release|Any CPU
		{15844B29-534F-4423-8315-4F29AADC0222}.Debug|Any CPU.ActiveCfg = Debug|Any CPU
		{15844B29-534F-4423-8315-4F29AADC0222}.Debug|Any CPU.Build.0 = Debug|Any CPU
		{15844B29-534F-4423-8315-4F29AADC0222}.Release|Any CPU.ActiveCfg = Release|Any CPU
		{15844B29-534F-4423-8315-4F29AADC0222}.Release|Any CPU.Build.0 = Release|Any CPU
	EndGlobalSection
	GlobalSection(SolutionProperties) = preSolution
		HideSolutionNode = FALSE
	EndGlobalSection
	GlobalSection(ExtensibilityGlobals) = postSolution
		SolutionGuid = {FD3E26B4-F9C2-40F6-BEA3-04DCA4371A38}
	EndGlobalSection
EndGlobal
